// !$*UTF8*$!
{
	archiveVersion = 1;
	classes = {
	};
	objectVersion = 56;
	objects = {

/* Begin PBXBuildFile section */
		9D6CEDE22B8A12F300726EC6 /* FirebaseAnalytics in Frameworks */ = {isa = PBXBuildFile; productRef = 9D6CEDE12B8A12F300726EC6 /* FirebaseAnalytics */; };
		9D6CEDE42B8A12F300726EC6 /* FirebaseAnalyticsOnDeviceConversion in Frameworks */ = {isa = PBXBuildFile; productRef = 9D6CEDE32B8A12F300726EC6 /* FirebaseAnalyticsOnDeviceConversion */; };
		9D6CEDE62B8A12F300726EC6 /* FirebaseAnalyticsSwift in Frameworks */ = {isa = PBXBuildFile; productRef = 9D6CEDE52B8A12F300726EC6 /* FirebaseAnalyticsSwift */; };
		9D6CEDE82B8A12F300726EC6 /* FirebaseAnalyticsWithoutAdIdSupport in Frameworks */ = {isa = PBXBuildFile; productRef = 9D6CEDE72B8A12F300726EC6 /* FirebaseAnalyticsWithoutAdIdSupport */; };
		9D6CEDEA2B8A12F300726EC6 /* FirebaseAppCheck in Frameworks */ = {isa = PBXBuildFile; productRef = 9D6CEDE92B8A12F300726EC6 /* FirebaseAppCheck */; };
		9DB639402B8595D300FD2D33 /* NewContact.swift in Sources */ = {isa = PBXBuildFile; fileRef = 9DB6393F2B8595D300FD2D33 /* NewContact.swift */; };
		9DB639422B85962500FD2D33 /* EditContact.swift in Sources */ = {isa = PBXBuildFile; fileRef = 9DB639412B85962500FD2D33 /* EditContact.swift */; };
		9DB639442B85967500FD2D33 /* DetailView.swift in Sources */ = {isa = PBXBuildFile; fileRef = 9DB639432B85967500FD2D33 /* DetailView.swift */; };
		9DF8546D2B494F8100CD3FE8 /* ContactappApp.swift in Sources */ = {isa = PBXBuildFile; fileRef = 9DF8546C2B494F8100CD3FE8 /* ContactappApp.swift */; };
		9DF8546F2B494F8100CD3FE8 /* ContentView.swift in Sources */ = {isa = PBXBuildFile; fileRef = 9DF8546E2B494F8100CD3FE8 /* ContentView.swift */; };
		9DF854712B494F8200CD3FE8 /* Assets.xcassets in Resources */ = {isa = PBXBuildFile; fileRef = 9DF854702B494F8200CD3FE8 /* Assets.xcassets */; };
		9DF854742B494F8200CD3FE8 /* Preview Assets.xcassets in Resources */ = {isa = PBXBuildFile; fileRef = 9DF854732B494F8200CD3FE8 /* Preview Assets.xcassets */; };
/* End PBXBuildFile section */

/* Begin PBXFileReference section */
		9DB6393F2B8595D300FD2D33 /* NewContact.swift */ = {isa = PBXFileReference; lastKnownFileType = sourcecode.swift; path = NewContact.swift; sourceTree = "<group>"; };
		9DB639412B85962500FD2D33 /* EditContact.swift */ = {isa = PBXFileReference; lastKnownFileType = sourcecode.swift; path = EditContact.swift; sourceTree = "<group>"; };
		9DB639432B85967500FD2D33 /* DetailView.swift */ = {isa = PBXFileReference; lastKnownFileType = sourcecode.swift; path = DetailView.swift; sourceTree = "<group>"; };
		9DF854692B494F8100CD3FE8 /* Contactapp.app */ = {isa = PBXFileReference; explicitFileType = wrapper.application; includeInIndex = 0; path = Contactapp.app; sourceTree = BUILT_PRODUCTS_DIR; };
		9DF8546C2B494F8100CD3FE8 /* ContactappApp.swift */ = {isa = PBXFileReference; lastKnownFileType = sourcecode.swift; path = ContactappApp.swift; sourceTree = "<group>"; };
		9DF8546E2B494F8100CD3FE8 /* ContentView.swift */ = {isa = PBXFileReference; lastKnownFileType = sourcecode.swift; path = ContentView.swift; sourceTree = "<group>"; };
		9DF854702B494F8200CD3FE8 /* Assets.xcassets */ = {isa = PBXFileReference; lastKnownFileType = folder.assetcatalog; path = Assets.xcassets; sourceTree = "<group>"; };
		9DF854732B494F8200CD3FE8 /* Preview Assets.xcassets */ = {isa = PBXFileReference; lastKnownFileType = folder.assetcatalog; path = "Preview Assets.xcassets"; sourceTree = "<group>"; };
/* End PBXFileReference section */

/* Begin PBXFrameworksBuildPhase section */
		9DF854662B494F8100CD3FE8 /* Frameworks */ = {
			isa = PBXFrameworksBuildPhase;
			buildActionMask = 2147483647;
			files = (
				9D6CEDE62B8A12F300726EC6 /* FirebaseAnalyticsSwift in Frameworks */,
				9D6CEDE22B8A12F300726EC6 /* FirebaseAnalytics in Frameworks */,
				9D6CEDE42B8A12F300726EC6 /* FirebaseAnalyticsOnDeviceConversion in Frameworks */,
				9D6CEDEA2B8A12F300726EC6 /* FirebaseAppCheck in Frameworks */,
				9D6CEDE82B8A12F300726EC6 /* FirebaseAnalyticsWithoutAdIdSupport in Frameworks */,
			);
			runOnlyForDeploymentPostprocessing = 0;
		};
/* End PBXFrameworksBuildPhase section */

/* Begin PBXGroup section */
		9DF854602B494F8100CD3FE8 = {
			isa = PBXGroup;
			children = (
				9DF8546B2B494F8100CD3FE8 /* Contactapp */,
				9DF8546A2B494F8100CD3FE8 /* Products */,
			);
			sourceTree = "<group>";
		};
		9DF8546A2B494F8100CD3FE8 /* Products */ = {
			isa = PBXGroup;
			children = (
				9DF854692B494F8100CD3FE8 /* Contactapp.app */,
			);
			name = Products;
			sourceTree = "<group>";
		};
		9DF8546B2B494F8100CD3FE8 /* Contactapp */ = {
			isa = PBXGroup;
			children = (
				9DF8546C2B494F8100CD3FE8 /* ContactappApp.swift */,
				9DF8546E2B494F8100CD3FE8 /* ContentView.swift */,
				9DB6393F2B8595D300FD2D33 /* NewContact.swift */,
				9DB639412B85962500FD2D33 /* EditContact.swift */,
				9DB639432B85967500FD2D33 /* DetailView.swift */,
				9DF854702B494F8200CD3FE8 /* Assets.xcassets */,
				9DF854722B494F8200CD3FE8 /* Preview Content */,
			);
			path = Contactapp;
			sourceTree = "<group>";
		};
		9DF854722B494F8200CD3FE8 /* Preview Content */ = {
			isa = PBXGroup;
			children = (
				9DF854732B494F8200CD3FE8 /* Preview Assets.xcassets */,
			);
			path = "Preview Content";
			sourceTree = "<group>";
		};
/* End PBXGroup section */

/* Begin PBXNativeTarget section */
		9DF854682B494F8100CD3FE8 /* Contactapp */ = {
			isa = PBXNativeTarget;
			buildConfigurationList = 9DF854772B494F8200CD3FE8 /* Build configuration list for PBXNativeTarget "Contactapp" */;
			buildPhases = (
				9DF854652B494F8100CD3FE8 /* Sources */,
				9DF854662B494F8100CD3FE8 /* Frameworks */,
				9DF854672B494F8100CD3FE8 /* Resources */,
			);
			buildRules = (
			);
			dependencies = (
			);
			name = Contactapp;
			packageProductDependencies = (
				9D6CEDE12B8A12F300726EC6 /* FirebaseAnalytics */,
				9D6CEDE32B8A12F300726EC6 /* FirebaseAnalyticsOnDeviceConversion */,
				9D6CEDE52B8A12F300726EC6 /* FirebaseAnalyticsSwift */,
				9D6CEDE72B8A12F300726EC6 /* FirebaseAnalyticsWithoutAdIdSupport */,
				9D6CEDE92B8A12F300726EC6 /* FirebaseAppCheck */,
			);
			productName = Contactapp;
			productReference = 9DF854692B494F8100CD3FE8 /* Contactapp.app */;
			productType = "com.apple.product-type.application";
		};
/* End PBXNativeTarget section */

/* Begin PBXProject section */
		9DF854612B494F8100CD3FE8 /* Project object */ = {
			isa = PBXProject;
			attributes = {
				BuildIndependentTargetsInParallel = 1;
				LastSwiftUpdateCheck = 1510;
				LastUpgradeCheck = 1510;
				TargetAttributes = {
					9DF854682B494F8100CD3FE8 = {
						CreatedOnToolsVersion = 15.1;
					};
				};
			};
			buildConfigurationList = 9DF854642B494F8100CD3FE8 /* Build configuration list for PBXProject "Contactapp" */;
			compatibilityVersion = "Xcode 14.0";
			developmentRegion = en;
			hasScannedForEncodings = 0;
			knownRegions = (
				en,
				Base,
			);
			mainGroup = 9DF854602B494F8100CD3FE8;
			packageReferences = (
				9D6CEDE02B8A12F300726EC6 /* XCRemoteSwiftPackageReference "firebase-ios-sdk" */,
			);
			productRefGroup = 9DF8546A2B494F8100CD3FE8 /* Products */;
			projectDirPath = "";
			projectRoot = "";
			targets = (
				9DF854682B494F8100CD3FE8 /* Contactapp */,
			);
		};
/* End PBXProject section */

/* Begin PBXResourcesBuildPhase section */
		9DF854672B494F8100CD3FE8 /* Resources */ = {
			isa = PBXResourcesBuildPhase;
			buildActionMask = 2147483647;
			files = (
				9DF854742B494F8200CD3FE8 /* Preview Assets.xcassets in Resources */,
				9DF854712B494F8200CD3FE8 /* Assets.xcassets in Resources */,
			);
			runOnlyForDeploymentPostprocessing = 0;
		};
/* End PBXResourcesBuildPhase section */

/* Begin PBXSourcesBuildPhase section */
		9DF854652B494F8100CD3FE8 /* Sources */ = {
			isa = PBXSourcesBuildPhase;
			buildActionMask = 2147483647;
			files = (
				9DB639402B8595D300FD2D33 /* NewContact.swift in Sources */,
				9DF8546F2B494F8100CD3FE8 /* ContentView.swift in Sources */,
				9DB639422B85962500FD2D33 /* EditContact.swift in Sources */,
				9DB639442B85967500FD2D33 /* DetailView.swift in Sources */,
				9DF8546D2B494F8100CD3FE8 /* ContactappApp.swift in Sources */,
			);
			runOnlyForDeploymentPostprocessing = 0;
		};
/* End PBXSourcesBuildPhase section */

/* Begin XCBuildConfiguration section */
		9DF854752B494F8200CD3FE8 /* Debug */ = {
			isa = XCBuildConfiguration;
			buildSettings = {
				ALWAYS_SEARCH_USER_PATHS = NO;
				ASSETCATALOG_COMPILER_GENERATE_SWIFT_ASSET_SYMBOL_EXTENSIONS = YES;
				CLANG_ANALYZER_NONNULL = YES;
				CLANG_ANALYZER_NUMBER_OBJECT_CONVERSION = YES_AGGRESSIVE;
				CLANG_CXX_LANGUAGE_STANDARD = "gnu++20";
				CLANG_ENABLE_MODULES = YES;
				CLANG_ENABLE_OBJC_ARC = YES;
				CLANG_ENABLE_OBJC_WEAK = YES;
				CLANG_WARN_BLOCK_CAPTURE_AUTORELEASING = YES;
				CLANG_WARN_BOOL_CONVERSION = YES;
				CLANG_WARN_COMMA = YES;
				CLANG_WARN_CONSTANT_CONVERSION = YES;
				CLANG_WARN_DEPRECATED_OBJC_IMPLEMENTATIONS = YES;
				CLANG_WARN_DIRECT_OBJC_ISA_USAGE = YES_ERROR;
				CLANG_WARN_DOCUMENTATION_COMMENTS = YES;
				CLANG_WARN_EMPTY_BODY = YES;
				CLANG_WARN_ENUM_CONVERSION = YES;
				CLANG_WARN_INFINITE_RECURSION = YES;
				CLANG_WARN_INT_CONVERSION = YES;
				CLANG_WARN_NON_LITERAL_NULL_CONVERSION = YES;
				CLANG_WARN_OBJC_IMPLICIT_RETAIN_SELF = YES;
				CLANG_WARN_OBJC_LITERAL_CONVERSION = YES;
				CLANG_WARN_OBJC_ROOT_CLASS = YES_ERROR;
				CLANG_WARN_QUOTED_INCLUDE_IN_FRAMEWORK_HEADER = YES;
				CLANG_WARN_RANGE_LOOP_ANALYSIS = YES;
				CLANG_WARN_STRICT_PROTOTYPES = YES;
				CLANG_WARN_SUSPICIOUS_MOVE = YES;
				CLANG_WARN_UNGUARDED_AVAILABILITY = YES_AGGRESSIVE;
				CLANG_WARN_UNREACHABLE_CODE = YES;
				CLANG_WARN__DUPLICATE_METHOD_MATCH = YES;
				COPY_PHASE_STRIP = NO;
				DEBUG_INFORMATION_FORMAT = dwarf;
				ENABLE_STRICT_OBJC_MSGSEND = YES;
				ENABLE_TESTABILITY = YES;
				ENABLE_USER_SCRIPT_SANDBOXING = YES;
				GCC_C_LANGUAGE_STANDARD = gnu17;
				GCC_DYNAMIC_NO_PIC = NO;
				GCC_NO_COMMON_BLOCKS = YES;
				GCC_OPTIMIZATION_LEVEL = 0;
				GCC_PREPROCESSOR_DEFINITIONS = (
					"DEBUG=1",
					"$(inherited)",
				);
				GCC_WARN_64_TO_32_BIT_CONVERSION = YES;
				GCC_WARN_ABOUT_RETURN_TYPE = YES_ERROR;
				GCC_WARN_UNDECLARED_SELECTOR = YES;
				GCC_WARN_UNINITIALIZED_AUTOS = YES_AGGRESSIVE;
				GCC_WARN_UNUSED_FUNCTION = YES;
				GCC_WARN_UNUSED_VARIABLE = YES;
				IPHONEOS_DEPLOYMENT_TARGET = 17.2;
				LOCALIZATION_PREFERS_STRING_CATALOGS = YES;
				MTL_ENABLE_DEBUG_INFO = INCLUDE_SOURCE;
				MTL_FAST_MATH = YES;
				ONLY_ACTIVE_ARCH = YES;
				SDKROOT = iphoneos;
				SWIFT_ACTIVE_COMPILATION_CONDITIONS = "DEBUG $(inherited)";
				SWIFT_OPTIMIZATION_LEVEL = "-Onone";
			};
			name = Debug;
		};
		9DF854762B494F8200CD3FE8 /* Release */ = {
			isa = XCBuildConfiguration;
			buildSettings = {
				ALWAYS_SEARCH_USER_PATHS = NO;
				ASSETCATALOG_COMPILER_GENERATE_SWIFT_ASSET_SYMBOL_EXTENSIONS = YES;
				CLANG_ANALYZER_NONNULL = YES;
				CLANG_ANALYZER_NUMBER_OBJECT_CONVERSION = YES_AGGRESSIVE;
				CLANG_CXX_LANGUAGE_STANDARD = "gnu++20";
				CLANG_ENABLE_MODULES = YES;
				CLANG_ENABLE_OBJC_ARC = YES;
				CLANG_ENABLE_OBJC_WEAK = YES;
				CLANG_WARN_BLOCK_CAPTURE_AUTORELEASING = YES;
				CLANG_WARN_BOOL_CONVERSION = YES;
				CLANG_WARN_COMMA = YES;
				CLANG_WARN_CONSTANT_CONVERSION = YES;
				CLANG_WARN_DEPRECATED_OBJC_IMPLEMENTATIONS = YES;
				CLANG_WARN_DIRECT_OBJC_ISA_USAGE = YES_ERROR;
				CLANG_WARN_DOCUMENTATION_COMMENTS = YES;
				CLANG_WARN_EMPTY_BODY = YES;
				CLANG_WARN_ENUM_CONVERSION = YES;
				CLANG_WARN_INFINITE_RECURSION = YES;
				CLANG_WARN_INT_CONVERSION = YES;
				CLANG_WARN_NON_LITERAL_NULL_CONVERSION = YES;
				CLANG_WARN_OBJC_IMPLICIT_RETAIN_SELF = YES;
				CLANG_WARN_OBJC_LITERAL_CONVERSION = YES;
				CLANG_WARN_OBJC_ROOT_CLASS = YES_ERROR;
				CLANG_WARN_QUOTED_INCLUDE_IN_FRAMEWORK_HEADER = YES;
				CLANG_WARN_RANGE_LOOP_ANALYSIS = YES;
				CLANG_WARN_STRICT_PROTOTYPES = YES;
				CLANG_WARN_SUSPICIOUS_MOVE = YES;
				CLANG_WARN_UNGUARDED_AVAILABILITY = YES_AGGRESSIVE;
				CLANG_WARN_UNREACHABLE_CODE = YES;
				CLANG_WARN__DUPLICATE_METHOD_MATCH = YES;
				COPY_PHASE_STRIP = NO;
				DEBUG_INFORMATION_FORMAT = "dwarf-with-dsym";
				ENABLE_NS_ASSERTIONS = NO;
				ENABLE_STRICT_OBJC_MSGSEND = YES;
				ENABLE_USER_SCRIPT_SANDBOXING = YES;
				GCC_C_LANGUAGE_STANDARD = gnu17;
				GCC_NO_COMMON_BLOCKS = YES;
				GCC_WARN_64_TO_32_BIT_CONVERSION = YES;
				GCC_WARN_ABOUT_RETURN_TYPE = YES_ERROR;
				GCC_WARN_UNDECLARED_SELECTOR = YES;
				GCC_WARN_UNINITIALIZED_AUTOS = YES_AGGRESSIVE;
				GCC_WARN_UNUSED_FUNCTION = YES;
				GCC_WARN_UNUSED_VARIABLE = YES;
				IPHONEOS_DEPLOYMENT_TARGET = 17.2;
				LOCALIZATION_PREFERS_STRING_CATALOGS = YES;
				MTL_ENABLE_DEBUG_INFO = NO;
				MTL_FAST_MATH = YES;
				SDKROOT = iphoneos;
				SWIFT_COMPILATION_MODE = wholemodule;
				VALIDATE_PRODUCT = YES;
			};
			name = Release;
		};
		9DF854782B494F8200CD3FE8 /* Debug */ = {
			isa = XCBuildConfiguration;
			buildSettings = {
				ASSETCATALOG_COMPILER_APPICON_NAME = AppIcon;
				ASSETCATALOG_COMPILER_GLOBAL_ACCENT_COLOR_NAME = AccentColor;
				CODE_SIGN_STYLE = Automatic;
				CURRENT_PROJECT_VERSION = 1;
				DEVELOPMENT_ASSET_PATHS = "\"Contactapp/Preview Content\"";
				ENABLE_PREVIEWS = YES;
				GENERATE_INFOPLIST_FILE = YES;
				INFOPLIST_KEY_UIApplicationSceneManifest_Generation = YES;
				INFOPLIST_KEY_UIApplicationSupportsIndirectInputEvents = YES;
				INFOPLIST_KEY_UILaunchScreen_Generation = YES;
				INFOPLIST_KEY_UISupportedInterfaceOrientations_iPad = "UIInterfaceOrientationPortrait UIInterfaceOrientationPortraitUpsideDown UIInterfaceOrientationLandscapeLeft UIInterfaceOrientationLandscapeRight";
				INFOPLIST_KEY_UISupportedInterfaceOrientations_iPhone = "UIInterfaceOrientationPortrait UIInterfaceOrientationLandscapeLeft UIInterfaceOrientationLandscapeRight";
				LD_RUNPATH_SEARCH_PATHS = (
					"$(inherited)",
					"@executable_path/Frameworks",
				);
				MARKETING_VERSION = 1.0;
				PRODUCT_BUNDLE_IDENTIFIER = gaurav.com.Contactapp;
				PRODUCT_NAME = "$(TARGET_NAME)";
				SWIFT_EMIT_LOC_STRINGS = YES;
				SWIFT_VERSION = 5.0;
				TARGETED_DEVICE_FAMILY = "1,2";
			};
			name = Debug;
		};
		9DF854792B494F8200CD3FE8 /* Release */ = {
			isa = XCBuildConfiguration;
			buildSettings = {
				ASSETCATALOG_COMPILER_APPICON_NAME = AppIcon;
				ASSETCATALOG_COMPILER_GLOBAL_ACCENT_COLOR_NAME = AccentColor;
				CODE_SIGN_STYLE = Automatic;
				CURRENT_PROJECT_VERSION = 1;
				DEVELOPMENT_ASSET_PATHS = "\"Contactapp/Preview Content\"";
				ENABLE_PREVIEWS = YES;
				GENERATE_INFOPLIST_FILE = YES;
				INFOPLIST_KEY_UIApplicationSceneManifest_Generation = YES;
				INFOPLIST_KEY_UIApplicationSupportsIndirectInputEvents = YES;
				INFOPLIST_KEY_UILaunchScreen_Generation = YES;
				INFOPLIST_KEY_UISupportedInterfaceOrientations_iPad = "UIInterfaceOrientationPortrait UIInterfaceOrientationPortraitUpsideDown UIInterfaceOrientationLandscapeLeft UIInterfaceOrientationLandscapeRight";
				INFOPLIST_KEY_UISupportedInterfaceOrientations_iPhone = "UIInterfaceOrientationPortrait UIInterfaceOrientationLandscapeLeft UIInterfaceOrientationLandscapeRight";
				LD_RUNPATH_SEARCH_PATHS = (
					"$(inherited)",
					"@executable_path/Frameworks",
				);
				MARKETING_VERSION = 1.0;
				PRODUCT_BUNDLE_IDENTIFIER = gaurav.com.Contactapp;
				PRODUCT_NAME = "$(TARGET_NAME)";
				SWIFT_EMIT_LOC_STRINGS = YES;
				SWIFT_VERSION = 5.0;
				TARGETED_DEVICE_FAMILY = "1,2";
			};
			name = Release;
		};
/* End XCBuildConfiguration section */

/* Begin XCConfigurationList section */
		9DF854642B494F8100CD3FE8 /* Build configuration list for PBXProject "Contactapp" */ = {
			isa = XCConfigurationList;
			buildConfigurations = (
				9DF854752B494F8200CD3FE8 /* Debug */,
				9DF854762B494F8200CD3FE8 /* Release */,
			);
			defaultConfigurationIsVisible = 0;
			defaultConfigurationName = Release;
		};
		9DF854772B494F8200CD3FE8 /* Build configuration list for PBXNativeTarget "Contactapp" */ = {
			isa = XCConfigurationList;
			buildConfigurations = (
				9DF854782B494F8200CD3FE8 /* Debug */,
				9DF854792B494F8200CD3FE8 /* Release */,
			);
			defaultConfigurationIsVisible = 0;
			defaultConfigurationName = Release;
		};
/* End XCConfigurationList section */

/* Begin XCRemoteSwiftPackageReference section */
		9D6CEDE02B8A12F300726EC6 /* XCRemoteSwiftPackageReference "firebase-ios-sdk" */ = {
			isa = XCRemoteSwiftPackageReference;
			repositoryURL = "https://github.com/firebase/firebase-ios-sdk";
			requirement = {
				kind = upToNextMajorVersion;
				minimumVersion = 10.21.0;
			};
		};
/* End XCRemoteSwiftPackageReference section */

/* Begin XCSwiftPackageProductDependency section */
		9D6CEDE12B8A12F300726EC6 /* FirebaseAnalytics */ = {
			isa = XCSwiftPackageProductDependency;
			package = 9D6CEDE02B8A12F300726EC6 /* XCRemoteSwiftPackageReference "firebase-ios-sdk" */;
			productName = FirebaseAnalytics;
		};
		9D6CEDE32B8A12F300726EC6 /* FirebaseAnalyticsOnDeviceConversion */ = {
			isa = XCSwiftPackageProductDependency;
			package = 9D6CEDE02B8A12F300726EC6 /* XCRemoteSwiftPackageReference "firebase-ios-sdk" */;
			productName = FirebaseAnalyticsOnDeviceConversion;
		};
		9D6CEDE52B8A12F300726EC6 /* FirebaseAnalyticsSwift */ = {
			isa = XCSwiftPackageProductDependency;
			package = 9D6CEDE02B8A12F300726EC6 /* XCRemoteSwiftPackageReference "firebase-ios-sdk" */;
			productName = FirebaseAnalyticsSwift;
		};
		9D6CEDE72B8A12F300726EC6 /* FirebaseAnalyticsWithoutAdIdSupport */ = {
			isa = XCSwiftPackageProductDependency;
			package = 9D6CEDE02B8A12F300726EC6 /* XCRemoteSwiftPackageReference "firebase-ios-sdk" */;
			productName = FirebaseAnalyticsWithoutAdIdSupport;
		};
		9D6CEDE92B8A12F300726EC6 /* FirebaseAppCheck */ = {
			isa = XCSwiftPackageProductDependency;
			package = 9D6CEDE02B8A12F300726EC6 /* XCRemoteSwiftPackageReference "firebase-ios-sdk" */;
			productName = FirebaseAppCheck;
		};
/* End XCSwiftPackageProductDependency section */
	};
	rootObject = 9DF854612B494F8100CD3FE8 /* Project object */;
}
